<?xml version="1.0" encoding="utf-8"?>
<Project ToolsVersion="18.0" xmlns="http://schemas.microsoft.com/developer/msbuild/2003">
  <ItemGroup>
    <ClCompile Include="C:\MyProjects\Ray_Tracing_CXX\src\main.cc">
      <Filter>Source Files</Filter>
    </ClCompile>
  </ItemGroup>
  <ItemGroup>
    <ClInclude Include="C:\MyProjects\Ray_Tracing_CXX\includes\color.h">
      <Filter>Header Files</Filter>
    </ClInclude>
    <ClInclude Include="C:\MyProjects\Ray_Tracing_CXX\includes\vec3.h">
      <Filter>Header Files</Filter>
    </ClInclude>
  </ItemGroup>
  <ItemGroup>
    <CustomBuild Include="C:\MyProjects\Ray_Tracing_CXX\CMakeLists.txt" />
  </ItemGroup>
  <ItemGroup>
    <Filter Include="Header Files">
      <UniqueIdentifier>{26ACFA45-6FAC-3A31-B6F2-646BCDAB55C3}</UniqueIdentifier>
    </Filter>
    <Filter Include="Source Files">
      <UniqueIdentifier>{F43845E6-0340-32AD-96A3-4930FF795961}</UniqueIdentifier>
    </Filter>
  </ItemGroup>
</Project>
